// !$*UTF8*$!
{
	archiveVersion = 1;
	classes = {
	};
	objectVersion = 50;
	objects = {

/* Begin PBXBuildFile section */
		114C97B725E8A35B00FB36BB /* Pew.wav in Resources */ = {isa = PBXBuildFile; fileRef = 114C97B625E8A35B00FB36BB /* Pew.wav */; };
		114C97BC25E8D50500FB36BB /* High Tom.mp3 in Resources */ = {isa = PBXBuildFile; fileRef = 114C97BB25E8D50400FB36BB /* High Tom.mp3 */; };
		114C97C125E8D51200FB36BB /* Cymbal.mp3 in Resources */ = {isa = PBXBuildFile; fileRef = 114C97C025E8D51100FB36BB /* Cymbal.mp3 */; };
		1199B8CD25CE6AE0008F5BD6 /* AppDelegate.swift in Sources */ = {isa = PBXBuildFile; fileRef = 1199B8CC25CE6AE0008F5BD6 /* AppDelegate.swift */; };
		1199B8CF25CE6AE0008F5BD6 /* SceneDelegate.swift in Sources */ = {isa = PBXBuildFile; fileRef = 1199B8CE25CE6AE0008F5BD6 /* SceneDelegate.swift */; };
		1199B8D125CE6AE0008F5BD6 /* ViewController.swift in Sources */ = {isa = PBXBuildFile; fileRef = 1199B8D025CE6AE0008F5BD6 /* ViewController.swift */; };
		1199B8D425CE6AE0008F5BD6 /* Main.storyboard in Resources */ = {isa = PBXBuildFile; fileRef = 1199B8D225CE6AE0008F5BD6 /* Main.storyboard */; };
		1199B8D625CE6AE5008F5BD6 /* Assets.xcassets in Resources */ = {isa = PBXBuildFile; fileRef = 1199B8D525CE6AE5008F5BD6 /* Assets.xcassets */; };
		1199B8D925CE6AE5008F5BD6 /* LaunchScreen.storyboard in Resources */ = {isa = PBXBuildFile; fileRef = 1199B8D725CE6AE5008F5BD6 /* LaunchScreen.storyboard */; };
		1199B8E425CE6AE5008F5BD6 /* May_FestivalTests.swift in Sources */ = {isa = PBXBuildFile; fileRef = 1199B8E325CE6AE5008F5BD6 /* May_FestivalTests.swift */; };
		1199B8EF25CE6AE5008F5BD6 /* May_FestivalUITests.swift in Sources */ = {isa = PBXBuildFile; fileRef = 1199B8EE25CE6AE5008F5BD6 /* May_FestivalUITests.swift */; };
		11DBCE0025D87812005E8EBB /* PopUpTest.swift in Sources */ = {isa = PBXBuildFile; fileRef = 11DBCDFF25D87812005E8EBB /* PopUpTest.swift */; };
/* End PBXBuildFile section */

/* Begin PBXContainerItemProxy section */
		1199B8E025CE6AE5008F5BD6 /* PBXContainerItemProxy */ = {
			isa = PBXContainerItemProxy;
			containerPortal = 1199B8C125CE6AE0008F5BD6 /* Project object */;
			proxyType = 1;
			remoteGlobalIDString = 1199B8C825CE6AE0008F5BD6;
			remoteInfo = "May Festival";
		};
		1199B8EB25CE6AE5008F5BD6 /* PBXContainerItemProxy */ = {
			isa = PBXContainerItemProxy;
			containerPortal = 1199B8C125CE6AE0008F5BD6 /* Project object */;
			proxyType = 1;
			remoteGlobalIDString = 1199B8C825CE6AE0008F5BD6;
			remoteInfo = "May Festival";
		};
/* End PBXContainerItemProxy section */

/* Begin PBXFileReference section */
		114C97B625E8A35B00FB36BB /* Pew.wav */ = {isa = PBXFileReference; lastKnownFileType = audio.wav; name = Pew.wav; path = Sound/Pew.wav; sourceTree = "<group>"; };
		114C97BB25E8D50400FB36BB /* High Tom.mp3 */ = {isa = PBXFileReference; lastKnownFileType = audio.mp3; name = "High Tom.mp3"; path = "Sound/High Tom.mp3"; sourceTree = "<group>"; };
		114C97C025E8D51100FB36BB /* Cymbal.mp3 */ = {isa = PBXFileReference; lastKnownFileType = audio.mp3; name = Cymbal.mp3; path = Sound/Cymbal.mp3; sourceTree = "<group>"; };
		1199B8C925CE6AE0008F5BD6 /* May Festival.app */ = {isa = PBXFileReference; explicitFileType = wrapper.application; includeInIndex = 0; path = "May Festival.app"; sourceTree = BUILT_PRODUCTS_DIR; };
		1199B8CC25CE6AE0008F5BD6 /* AppDelegate.swift */ = {isa = PBXFileReference; lastKnownFileType = sourcecode.swift; path = AppDelegate.swift; sourceTree = "<group>"; };
		1199B8CE25CE6AE0008F5BD6 /* SceneDelegate.swift */ = {isa = PBXFileReference; lastKnownFileType = sourcecode.swift; path = SceneDelegate.swift; sourceTree = "<group>"; };
		1199B8D025CE6AE0008F5BD6 /* ViewController.swift */ = {isa = PBXFileReference; lastKnownFileType = sourcecode.swift; path = ViewController.swift; sourceTree = "<group>"; };
		1199B8D325CE6AE0008F5BD6 /* Base */ = {isa = PBXFileReference; lastKnownFileType = file.storyboard; name = Base; path = Base.lproj/Main.storyboard; sourceTree = "<group>"; };
		1199B8D525CE6AE5008F5BD6 /* Assets.xcassets */ = {isa = PBXFileReference; lastKnownFileType = folder.assetcatalog; path = Assets.xcassets; sourceTree = "<group>"; };
		1199B8D825CE6AE5008F5BD6 /* Base */ = {isa = PBXFileReference; lastKnownFileType = file.storyboard; name = Base; path = Base.lproj/LaunchScreen.storyboard; sourceTree = "<group>"; };
		1199B8DA25CE6AE5008F5BD6 /* Info.plist */ = {isa = PBXFileReference; lastKnownFileType = text.plist.xml; path = Info.plist; sourceTree = "<group>"; };
		1199B8DF25CE6AE5008F5BD6 /* May FestivalTests.xctest */ = {isa = PBXFileReference; explicitFileType = wrapper.cfbundle; includeInIndex = 0; path = "May FestivalTests.xctest"; sourceTree = BUILT_PRODUCTS_DIR; };
		1199B8E325CE6AE5008F5BD6 /* May_FestivalTests.swift */ = {isa = PBXFileReference; lastKnownFileType = sourcecode.swift; path = May_FestivalTests.swift; sourceTree = "<group>"; };
		1199B8E525CE6AE5008F5BD6 /* Info.plist */ = {isa = PBXFileReference; lastKnownFileType = text.plist.xml; path = Info.plist; sourceTree = "<group>"; };
		1199B8EA25CE6AE5008F5BD6 /* May FestivalUITests.xctest */ = {isa = PBXFileReference; explicitFileType = wrapper.cfbundle; includeInIndex = 0; path = "May FestivalUITests.xctest"; sourceTree = BUILT_PRODUCTS_DIR; };
		1199B8EE25CE6AE5008F5BD6 /* May_FestivalUITests.swift */ = {isa = PBXFileReference; lastKnownFileType = sourcecode.swift; path = May_FestivalUITests.swift; sourceTree = "<group>"; };
		1199B8F025CE6AE5008F5BD6 /* Info.plist */ = {isa = PBXFileReference; lastKnownFileType = text.plist.xml; path = Info.plist; sourceTree = "<group>"; };
		11DBCDFF25D87812005E8EBB /* PopUpTest.swift */ = {isa = PBXFileReference; lastKnownFileType = sourcecode.swift; path = PopUpTest.swift; sourceTree = "<group>"; };
/* End PBXFileReference section */

/* Begin PBXFrameworksBuildPhase section */
		1199B8C625CE6AE0008F5BD6 /* Frameworks */ = {
			isa = PBXFrameworksBuildPhase;
			buildActionMask = 2147483647;
			files = (
			);
			runOnlyForDeploymentPostprocessing = 0;
		};
		1199B8DC25CE6AE5008F5BD6 /* Frameworks */ = {
			isa = PBXFrameworksBuildPhase;
			buildActionMask = 2147483647;
			files = (
			);
			runOnlyForDeploymentPostprocessing = 0;
		};
		1199B8E725CE6AE5008F5BD6 /* Frameworks */ = {
			isa = PBXFrameworksBuildPhase;
			buildActionMask = 2147483647;
			files = (
			);
			runOnlyForDeploymentPostprocessing = 0;
		};
/* End PBXFrameworksBuildPhase section */

/* Begin PBXGroup section */
		1184DC4325E89C7C00A4DF82 /* Sound */ = {
			isa = PBXGroup;
			children = (
			);
			path = Sound;
			sourceTree = "<group>";
		};
		1199B8C025CE6AE0008F5BD6 = {
			isa = PBXGroup;
			children = (
				114C97C025E8D51100FB36BB /* Cymbal.mp3 */,
				114C97BB25E8D50400FB36BB /* High Tom.mp3 */,
				114C97B625E8A35B00FB36BB /* Pew.wav */,
				1184DC4325E89C7C00A4DF82 /* Sound */,
				1199B8CB25CE6AE0008F5BD6 /* May Festival */,
				1199B8E225CE6AE5008F5BD6 /* May FestivalTests */,
				1199B8ED25CE6AE5008F5BD6 /* May FestivalUITests */,
				1199B8CA25CE6AE0008F5BD6 /* Products */,
			);
			sourceTree = "<group>";
		};
		1199B8CA25CE6AE0008F5BD6 /* Products */ = {
			isa = PBXGroup;
			children = (
				1199B8C925CE6AE0008F5BD6 /* May Festival.app */,
				1199B8DF25CE6AE5008F5BD6 /* May FestivalTests.xctest */,
				1199B8EA25CE6AE5008F5BD6 /* May FestivalUITests.xctest */,
			);
			name = Products;
			sourceTree = "<group>";
		};
		1199B8CB25CE6AE0008F5BD6 /* May Festival */ = {
			isa = PBXGroup;
			children = (
				1199B8CC25CE6AE0008F5BD6 /* AppDelegate.swift */,
				1199B8CE25CE6AE0008F5BD6 /* SceneDelegate.swift */,
				1199B8D025CE6AE0008F5BD6 /* ViewController.swift */,
				1199B8D225CE6AE0008F5BD6 /* Main.storyboard */,
				1199B8D525CE6AE5008F5BD6 /* Assets.xcassets */,
				1199B8D725CE6AE5008F5BD6 /* LaunchScreen.storyboard */,
				1199B8DA25CE6AE5008F5BD6 /* Info.plist */,
				11DBCDFF25D87812005E8EBB /* PopUpTest.swift */,
			);
			path = "May Festival";
			sourceTree = "<group>";
		};
		1199B8E225CE6AE5008F5BD6 /* May FestivalTests */ = {
			isa = PBXGroup;
			children = (
				1199B8E325CE6AE5008F5BD6 /* May_FestivalTests.swift */,
				1199B8E525CE6AE5008F5BD6 /* Info.plist */,
			);
			path = "May FestivalTests";
			sourceTree = "<group>";
		};
		1199B8ED25CE6AE5008F5BD6 /* May FestivalUITests */ = {
			isa = PBXGroup;
			children = (
				1199B8EE25CE6AE5008F5BD6 /* May_FestivalUITests.swift */,
				1199B8F025CE6AE5008F5BD6 /* Info.plist */,
			);
			path = "May FestivalUITests";
			sourceTree = "<group>";
		};
/* End PBXGroup section */

/* Begin PBXNativeTarget section */
		1199B8C825CE6AE0008F5BD6 /* May Festival */ = {
			isa = PBXNativeTarget;
			buildConfigurationList = 1199B8F325CE6AE5008F5BD6 /* Build configuration list for PBXNativeTarget "May Festival" */;
			buildPhases = (
				1199B8C525CE6AE0008F5BD6 /* Sources */,
				1199B8C625CE6AE0008F5BD6 /* Frameworks */,
				1199B8C725CE6AE0008F5BD6 /* Resources */,
			);
			buildRules = (
			);
			dependencies = (
			);
			name = "May Festival";
			productName = "May Festival";
			productReference = 1199B8C925CE6AE0008F5BD6 /* May Festival.app */;
			productType = "com.apple.product-type.application";
		};
		1199B8DE25CE6AE5008F5BD6 /* May FestivalTests */ = {
			isa = PBXNativeTarget;
			buildConfigurationList = 1199B8F625CE6AE5008F5BD6 /* Build configuration list for PBXNativeTarget "May FestivalTests" */;
			buildPhases = (
				1199B8DB25CE6AE5008F5BD6 /* Sources */,
				1199B8DC25CE6AE5008F5BD6 /* Frameworks */,
				1199B8DD25CE6AE5008F5BD6 /* Resources */,
			);
			buildRules = (
			);
			dependencies = (
				1199B8E125CE6AE5008F5BD6 /* PBXTargetDependency */,
			);
			name = "May FestivalTests";
			productName = "May FestivalTests";
			productReference = 1199B8DF25CE6AE5008F5BD6 /* May FestivalTests.xctest */;
			productType = "com.apple.product-type.bundle.unit-test";
		};
		1199B8E925CE6AE5008F5BD6 /* May FestivalUITests */ = {
			isa = PBXNativeTarget;
			buildConfigurationList = 1199B8F925CE6AE5008F5BD6 /* Build configuration list for PBXNativeTarget "May FestivalUITests" */;
			buildPhases = (
				1199B8E625CE6AE5008F5BD6 /* Sources */,
				1199B8E725CE6AE5008F5BD6 /* Frameworks */,
				1199B8E825CE6AE5008F5BD6 /* Resources */,
			);
			buildRules = (
			);
			dependencies = (
				1199B8EC25CE6AE5008F5BD6 /* PBXTargetDependency */,
			);
			name = "May FestivalUITests";
			productName = "May FestivalUITests";
			productReference = 1199B8EA25CE6AE5008F5BD6 /* May FestivalUITests.xctest */;
			productType = "com.apple.product-type.bundle.ui-testing";
		};
/* End PBXNativeTarget section */

/* Begin PBXProject section */
		1199B8C125CE6AE0008F5BD6 /* Project object */ = {
			isa = PBXProject;
			attributes = {
				LastSwiftUpdateCheck = 1240;
				LastUpgradeCheck = 1240;
				TargetAttributes = {
					1199B8C825CE6AE0008F5BD6 = {
						CreatedOnToolsVersion = 12.4;
					};
					1199B8DE25CE6AE5008F5BD6 = {
						CreatedOnToolsVersion = 12.4;
						TestTargetID = 1199B8C825CE6AE0008F5BD6;
					};
					1199B8E925CE6AE5008F5BD6 = {
						CreatedOnToolsVersion = 12.4;
						TestTargetID = 1199B8C825CE6AE0008F5BD6;
					};
				};
			};
			buildConfigurationList = 1199B8C425CE6AE0008F5BD6 /* Build configuration list for PBXProject "May Festival" */;
			compatibilityVersion = "Xcode 9.3";
			developmentRegion = en;
			hasScannedForEncodings = 0;
			knownRegions = (
				en,
				Base,
			);
			mainGroup = 1199B8C025CE6AE0008F5BD6;
			productRefGroup = 1199B8CA25CE6AE0008F5BD6 /* Products */;
			projectDirPath = "";
			projectRoot = "";
			targets = (
				1199B8C825CE6AE0008F5BD6 /* May Festival */,
				1199B8DE25CE6AE5008F5BD6 /* May FestivalTests */,
				1199B8E925CE6AE5008F5BD6 /* May FestivalUITests */,
			);
		};
/* End PBXProject section */

/* Begin PBXResourcesBuildPhase section */
		1199B8C725CE6AE0008F5BD6 /* Resources */ = {
			isa = PBXResourcesBuildPhase;
			buildActionMask = 2147483647;
			files = (
				114C97C125E8D51200FB36BB /* Cymbal.mp3 in Resources */,
				1199B8D925CE6AE5008F5BD6 /* LaunchScreen.storyboard in Resources */,
				1199B8D625CE6AE5008F5BD6 /* Assets.xcassets in Resources */,
				1199B8D425CE6AE0008F5BD6 /* Main.storyboard in Resources */,
				114C97BC25E8D50500FB36BB /* High Tom.mp3 in Resources */,
				114C97B725E8A35B00FB36BB /* Pew.wav in Resources */,
			);
			runOnlyForDeploymentPostprocessing = 0;
		};
		1199B8DD25CE6AE5008F5BD6 /* Resources */ = {
			isa = PBXResourcesBuildPhase;
			buildActionMask = 2147483647;
			files = (
			);
			runOnlyForDeploymentPostprocessing = 0;
		};
		1199B8E825CE6AE5008F5BD6 /* Resources */ = {
			isa = PBXResourcesBuildPhase;
			buildActionMask = 2147483647;
			files = (
			);
			runOnlyForDeploymentPostprocessing = 0;
		};
/* End PBXResourcesBuildPhase section */

/* Begin PBXSourcesBuildPhase section */
		1199B8C525CE6AE0008F5BD6 /* Sources */ = {
			isa = PBXSourcesBuildPhase;
			buildActionMask = 2147483647;
			files = (
				1199B8D125CE6AE0008F5BD6 /* ViewController.swift in Sources */,
				1199B8CD25CE6AE0008F5BD6 /* AppDelegate.swift in Sources */,
				11DBCE0025D87812005E8EBB /* PopUpTest.swift in Sources */,
				1199B8CF25CE6AE0008F5BD6 /* SceneDelegate.swift in Sources */,
			);
			runOnlyForDeploymentPostprocessing = 0;
		};
		1199B8DB25CE6AE5008F5BD6 /* Sources */ = {
			isa = PBXSourcesBuildPhase;
			buildActionMask = 2147483647;
			files = (
				1199B8E425CE6AE5008F5BD6 /* May_FestivalTests.swift in Sources */,
			);
			runOnlyForDeploymentPostprocessing = 0;
		};
		1199B8E625CE6AE5008F5BD6 /* Sources */ = {
			isa = PBXSourcesBuildPhase;
			buildActionMask = 2147483647;
			files = (
				1199B8EF25CE6AE5008F5BD6 /* May_FestivalUITests.swift in Sources */,
			);
			runOnlyForDeploymentPostprocessing = 0;
		};
/* End PBXSourcesBuildPhase section */

/* Begin PBXTargetDependency section */
		1199B8E125CE6AE5008F5BD6 /* PBXTargetDependency */ = {
			isa = PBXTargetDependency;
			target = 1199B8C825CE6AE0008F5BD6 /* May Festival */;
			targetProxy = 1199B8E025CE6AE5008F5BD6 /* PBXContainerItemProxy */;
		};
		1199B8EC25CE6AE5008F5BD6 /* PBXTargetDependency */ = {
			isa = PBXTargetDependency;
			target = 1199B8C825CE6AE0008F5BD6 /* May Festival */;
			targetProxy = 1199B8EB25CE6AE5008F5BD6 /* PBXContainerItemProxy */;
		};
/* End PBXTargetDependency section */

/* Begin PBXVariantGroup section */
		1199B8D225CE6AE0008F5BD6 /* Main.storyboard */ = {
			isa = PBXVariantGroup;
			children = (
				1199B8D325CE6AE0008F5BD6 /* Base */,
			);
			name = Main.storyboard;
			sourceTree = "<group>";
		};
		1199B8D725CE6AE5008F5BD6 /* LaunchScreen.storyboard */ = {
			isa = PBXVariantGroup;
			children = (
				1199B8D825CE6AE5008F5BD6 /* Base */,
			);
			name = LaunchScreen.storyboard;
			sourceTree = "<group>";
		};
/* End PBXVariantGroup section */

/* Begin XCBuildConfiguration section */
		1199B8F125CE6AE5008F5BD6 /* Debug */ = {
			isa = XCBuildConfiguration;
			buildSettings = {
				ALWAYS_SEARCH_USER_PATHS = NO;
				CLANG_ANALYZER_NONNULL = YES;
				CLANG_ANALYZER_NUMBER_OBJECT_CONVERSION = YES_AGGRESSIVE;
				CLANG_CXX_LANGUAGE_STANDARD = "gnu++14";
				CLANG_CXX_LIBRARY = "libc++";
				CLANG_ENABLE_MODULES = YES;
				CLANG_ENABLE_OBJC_ARC = YES;
				CLANG_ENABLE_OBJC_WEAK = YES;
				CLANG_WARN_BLOCK_CAPTURE_AUTORELEASING = YES;
				CLANG_WARN_BOOL_CONVERSION = YES;
				CLANG_WARN_COMMA = YES;
				CLANG_WARN_CONSTANT_CONVERSION = YES;
				CLANG_WARN_DEPRECATED_OBJC_IMPLEMENTATIONS = YES;
				CLANG_WARN_DIRECT_OBJC_ISA_USAGE = YES_ERROR;
				CLANG_WARN_DOCUMENTATION_COMMENTS = YES;
				CLANG_WARN_EMPTY_BODY = YES;
				CLANG_WARN_ENUM_CONVERSION = YES;
				CLANG_WARN_INFINITE_RECURSION = YES;
				CLANG_WARN_INT_CONVERSION = YES;
				CLANG_WARN_NON_LITERAL_NULL_CONVERSION = YES;
				CLANG_WARN_OBJC_IMPLICIT_RETAIN_SELF = YES;
				CLANG_WARN_OBJC_LITERAL_CONVERSION = YES;
				CLANG_WARN_OBJC_ROOT_CLASS = YES_ERROR;
				CLANG_WARN_QUOTED_INCLUDE_IN_FRAMEWORK_HEADER = YES;
				CLANG_WARN_RANGE_LOOP_ANALYSIS = YES;
				CLANG_WARN_STRICT_PROTOTYPES = YES;
				CLANG_WARN_SUSPICIOUS_MOVE = YES;
				CLANG_WARN_UNGUARDED_AVAILABILITY = YES_AGGRESSIVE;
				CLANG_WARN_UNREACHABLE_CODE = YES;
				CLANG_WARN__DUPLICATE_METHOD_MATCH = YES;
				COPY_PHASE_STRIP = NO;
				DEBUG_INFORMATION_FORMAT = dwarf;
				ENABLE_STRICT_OBJC_MSGSEND = YES;
				ENABLE_TESTABILITY = YES;
				GCC_C_LANGUAGE_STANDARD = gnu11;
				GCC_DYNAMIC_NO_PIC = NO;
				GCC_NO_COMMON_BLOCKS = YES;
				GCC_OPTIMIZATION_LEVEL = 0;
				GCC_PREPROCESSOR_DEFINITIONS = (
					"DEBUG=1",
					"$(inherited)",
				);
				GCC_WARN_64_TO_32_BIT_CONVERSION = YES;
				GCC_WARN_ABOUT_RETURN_TYPE = YES_ERROR;
				GCC_WARN_UNDECLARED_SELECTOR = YES;
				GCC_WARN_UNINITIALIZED_AUTOS = YES_AGGRESSIVE;
				GCC_WARN_UNUSED_FUNCTION = YES;
				GCC_WARN_UNUSED_VARIABLE = YES;
				IPHONEOS_DEPLOYMENT_TARGET = 14.4;
				MTL_ENABLE_DEBUG_INFO = INCLUDE_SOURCE;
				MTL_FAST_MATH = YES;
				ONLY_ACTIVE_ARCH = YES;
				SDKROOT = iphoneos;
				SWIFT_ACTIVE_COMPILATION_CONDITIONS = DEBUG;
				SWIFT_OPTIMIZATION_LEVEL = "-Onone";
			};
			name = Debug;
		};
		1199B8F225CE6AE5008F5BD6 /* Release */ = {
			isa = XCBuildConfiguration;
			buildSettings = {
				ALWAYS_SEARCH_USER_PATHS = NO;
				CLANG_ANALYZER_NONNULL = YES;
				CLANG_ANALYZER_NUMBER_OBJECT_CONVERSION = YES_AGGRESSIVE;
				CLANG_CXX_LANGUAGE_STANDARD = "gnu++14";
				CLANG_CXX_LIBRARY = "libc++";
				CLANG_ENABLE_MODULES = YES;
				CLANG_ENABLE_OBJC_ARC = YES;
				CLANG_ENABLE_OBJC_WEAK = YES;
				CLANG_WARN_BLOCK_CAPTURE_AUTORELEASING = YES;
				CLANG_WARN_BOOL_CONVERSION = YES;
				CLANG_WARN_COMMA = YES;
				CLANG_WARN_CONSTANT_CONVERSION = YES;
				CLANG_WARN_DEPRECATED_OBJC_IMPLEMENTATIONS = YES;
				CLANG_WARN_DIRECT_OBJC_ISA_USAGE = YES_ERROR;
				CLANG_WARN_DOCUMENTATION_COMMENTS = YES;
				CLANG_WARN_EMPTY_BODY = YES;
				CLANG_WARN_ENUM_CONVERSION = YES;
				CLANG_WARN_INFINITE_RECURSION = YES;
				CLANG_WARN_INT_CONVERSION = YES;
				CLANG_WARN_NON_LITERAL_NULL_CONVERSION = YES;
				CLANG_WARN_OBJC_IMPLICIT_RETAIN_SELF = YES;
				CLANG_WARN_OBJC_LITERAL_CONVERSION = YES;
				CLANG_WARN_OBJC_ROOT_CLASS = YES_ERROR;
				CLANG_WARN_QUOTED_INCLUDE_IN_FRAMEWORK_HEADER = YES;
				CLANG_WARN_RANGE_LOOP_ANALYSIS = YES;
				CLANG_WARN_STRICT_PROTOTYPES = YES;
				CLANG_WARN_SUSPICIOUS_MOVE = YES;
				CLANG_WARN_UNGUARDED_AVAILABILITY = YES_AGGRESSIVE;
				CLANG_WARN_UNREACHABLE_CODE = YES;
				CLANG_WARN__DUPLICATE_METHOD_MATCH = YES;
				COPY_PHASE_STRIP = NO;
				DEBUG_INFORMATION_FORMAT = "dwarf-with-dsym";
				ENABLE_NS_ASSERTIONS = NO;
				ENABLE_STRICT_OBJC_MSGSEND = YES;
				GCC_C_LANGUAGE_STANDARD = gnu11;
				GCC_NO_COMMON_BLOCKS = YES;
				GCC_WARN_64_TO_32_BIT_CONVERSION = YES;
				GCC_WARN_ABOUT_RETURN_TYPE = YES_ERROR;
				GCC_WARN_UNDECLARED_SELECTOR = YES;
				GCC_WARN_UNINITIALIZED_AUTOS = YES_AGGRESSIVE;
				GCC_WARN_UNUSED_FUNCTION = YES;
				GCC_WARN_UNUSED_VARIABLE = YES;
				IPHONEOS_DEPLOYMENT_TARGET = 14.4;
				MTL_ENABLE_DEBUG_INFO = NO;
				MTL_FAST_MATH = YES;
				SDKROOT = iphoneos;
				SWIFT_COMPILATION_MODE = wholemodule;
				SWIFT_OPTIMIZATION_LEVEL = "-O";
				VALIDATE_PRODUCT = YES;
			};
			name = Release;
		};
		1199B8F425CE6AE5008F5BD6 /* Debug */ = {
			isa = XCBuildConfiguration;
			buildSettings = {
				ASSETCATALOG_COMPILER_APPICON_NAME = AppIcon;
				ASSETCATALOG_COMPILER_GLOBAL_ACCENT_COLOR_NAME = AccentColor;
				CODE_SIGN_STYLE = Automatic;
				DEVELOPMENT_TEAM = 39HDG9RKNM;
				INFOPLIST_FILE = "May Festival/Info.plist";
				LD_RUNPATH_SEARCH_PATHS = (
					"$(inherited)",
					"@executable_path/Frameworks",
				);
				PRODUCT_BUNDLE_IDENTIFIER = "Martin.May-Festival";
				PRODUCT_NAME = "$(TARGET_NAME)";
				SWIFT_VERSION = 5.0;
				TARGETED_DEVICE_FAMILY = "1,2";
			};
			name = Debug;
		};
		1199B8F525CE6AE5008F5BD6 /* Release */ = {
			isa = XCBuildConfiguration;
			buildSettings = {
				ASSETCATALOG_COMPILER_APPICON_NAME = AppIcon;
				ASSETCATALOG_COMPILER_GLOBAL_ACCENT_COLOR_NAME = AccentColor;
				CODE_SIGN_STYLE = Automatic;
				DEVELOPMENT_TEAM = 39HDG9RKNM;
				INFOPLIST_FILE = "May Festival/Info.plist";
				LD_RUNPATH_SEARCH_PATHS = (
					"$(inherited)",
					"@executable_path/Frameworks",
				);
				PRODUCT_BUNDLE_IDENTIFIER = "Martin.May-Festival";
				PRODUCT_NAME = "$(TARGET_NAME)";
				SWIFT_VERSION = 5.0;
				TARGETED_DEVICE_FAMILY = "1,2";
			};
			name = Release;
		};
		1199B8F725CE6AE5008F5BD6 /* Debug */ = {
			isa = XCBuildConfiguration;
			buildSettings = {
				ALWAYS_EMBED_SWIFT_STANDARD_LIBRARIES = YES;
				BUNDLE_LOADER = "$(TEST_HOST)";
				CODE_SIGN_STYLE = Automatic;
				DEVELOPMENT_TEAM = 39HDG9RKNM;
				INFOPLIST_FILE = "May FestivalTests/Info.plist";
				IPHONEOS_DEPLOYMENT_TARGET = 14.4;
				LD_RUNPATH_SEARCH_PATHS = (
					"$(inherited)",
					"@executable_path/Frameworks",
					"@loader_path/Frameworks",
				);
				PRODUCT_BUNDLE_IDENTIFIER = "Martin.May-FestivalTests";
				PRODUCT_NAME = "$(TARGET_NAME)";
				SWIFT_VERSION = 5.0;
				TARGETED_DEVICE_FAMILY = "1,2";
				TEST_HOST = "$(BUILT_PRODUCTS_DIR)/May Festival.app/May Festival";
			};
			name = Debug;
		};
		1199B8F825CE6AE5008F5BD6 /* Release */ = {
			isa = XCBuildConfiguration;
			buildSettings = {
				ALWAYS_EMBED_SWIFT_STANDARD_LIBRARIES = YES;
				BUNDLE_LOADER = "$(TEST_HOST)";
				CODE_SIGN_STYLE = Automatic;
				DEVELOPMENT_TEAM = 39HDG9RKNM;
				INFOPLIST_FILE = "May FestivalTests/Info.plist";
				IPHONEOS_DEPLOYMENT_TARGET = 14.4;
				LD_RUNPATH_SEARCH_PATHS = (
					"$(inherited)",
					"@executable_path/Frameworks",
					"@loader_path/Frameworks",
				);
				PRODUCT_BUNDLE_IDENTIFIER = "Martin.May-FestivalTests";
				PRODUCT_NAME = "$(TARGET_NAME)";
				SWIFT_VERSION = 5.0;
				TARGETED_DEVICE_FAMILY = "1,2";
				TEST_HOST = "$(BUILT_PRODUCTS_DIR)/May Festival.app/May Festival";
			};
			name = Release;
		};
		1199B8FA25CE6AE5008F5BD6 /* Debug */ = {
			isa = XCBuildConfiguration;
			buildSettings = {
				ALWAYS_EMBED_SWIFT_STANDARD_LIBRARIES = YES;
				CODE_SIGN_STYLE = Automatic;
				DEVELOPMENT_TEAM = 39HDG9RKNM;
				INFOPLIST_FILE = "May FestivalUITests/Info.plist";
				LD_RUNPATH_SEARCH_PATHS = (
					"$(inherited)",
					"@executable_path/Frameworks",
					"@loader_path/Frameworks",
				);
				PRODUCT_BUNDLE_IDENTIFIER = "Martin.May-FestivalUITests";
				PRODUCT_NAME = "$(TARGET_NAME)";
				SWIFT_VERSION = 5.0;
				TARGETED_DEVICE_FAMILY = "1,2";
				TEST_TARGET_NAME = "May Festival";
			};
			name = Debug;
		};
		1199B8FB25CE6AE5008F5BD6 /* Release */ = {
			isa = XCBuildConfiguration;
			buildSettings = {
				ALWAYS_EMBED_SWIFT_STANDARD_LIBRARIES = YES;
				CODE_SIGN_STYLE = Automatic;
				DEVELOPMENT_TEAM = 39HDG9RKNM;
				INFOPLIST_FILE = "May FestivalUITests/Info.plist";
				LD_RUNPATH_SEARCH_PATHS = (
					"$(inherited)",
					"@executable_path/Frameworks",
					"@loader_path/Frameworks",
				);
				PRODUCT_BUNDLE_IDENTIFIER = "Martin.May-FestivalUITests";
				PRODUCT_NAME = "$(TARGET_NAME)";
				SWIFT_VERSION = 5.0;
				TARGETED_DEVICE_FAMILY = "1,2";
				TEST_TARGET_NAME = "May Festival";
			};
			name = Release;
		};
/* End XCBuildConfiguration section */

/* Begin XCConfigurationList section */
		1199B8C425CE6AE0008F5BD6 /* Build configuration list for PBXProject "May Festival" */ = {
			isa = XCConfigurationList;
			buildConfigurations = (
				1199B8F125CE6AE5008F5BD6 /* Debug */,
				1199B8F225CE6AE5008F5BD6 /* Release */,
			);
			defaultConfigurationIsVisible = 0;
			defaultConfigurationName = Release;
		};
		1199B8F325CE6AE5008F5BD6 /* Build configuration list for PBXNativeTarget "May Festival" */ = {
			isa = XCConfigurationList;
			buildConfigurations = (
				1199B8F425CE6AE5008F5BD6 /* Debug */,
				1199B8F525CE6AE5008F5BD6 /* Release */,
			);
			defaultConfigurationIsVisible = 0;
			defaultConfigurationName = Release;
		};
		1199B8F625CE6AE5008F5BD6 /* Build configuration list for PBXNativeTarget "May FestivalTests" */ = {
			isa = XCConfigurationList;
			buildConfigurations = (
				1199B8F725CE6AE5008F5BD6 /* Debug */,
				1199B8F825CE6AE5008F5BD6 /* Release */,
			);
			defaultConfigurationIsVisible = 0;
			defaultConfigurationName = Release;
		};
		1199B8F925CE6AE5008F5BD6 /* Build configuration list for PBXNativeTarget "May FestivalUITests" */ = {
			isa = XCConfigurationList;
			buildConfigurations = (
				1199B8FA25CE6AE5008F5BD6 /* Debug */,
				1199B8FB25CE6AE5008F5BD6 /* Release */,
			);
			defaultConfigurationIsVisible = 0;
			defaultConfigurationName = Release;
		};
/* End XCConfigurationList section */
	};
	rootObject = 1199B8C125CE6AE0008F5BD6 /* Project object */;
}
